
Microsoft Visual Studio Solution File, Format Version 12.00
# Visual Studio 2012
Project("{FAE04EC0-301F-11D3-BF4B-00C04F79EFBC}") = "Tip", "Tip\Tip.csproj", "{33E1A09A-86AD-4702-8244-0C27ECF81C6B}"
EndProject
Global
	GlobalSection(SolutionConfigurationPlatforms) = preSolution
		Debug|Any CPU = Debug|Any CPU
		Release|Any CPU = Release|Any CPU
	EndGlobalSection
	GlobalSection(ProjectConfigurationPlatforms) = postSolution
		{33E1A09A-86AD-4702-8244-0C27ECF81C6B}.Debug|Any CPU.ActiveCfg = Debug|Any CPU
		{33E1A09A-86AD-4702-8244-0C27ECF81C6B}.Debug|Any CPU.Build.0 = Debug|Any CPU
		{33E1A09A-86AD-4702-8244-0C27ECF81C6B}.Release|Any CPU.ActiveCfg = Release|Any CPU
		{33E1A09A-86AD-4702-8244-0C27ECF81C6B}.Release|Any CPU.Build.0 = Release|Any CPU
	EndGlobalSection
	GlobalSection(SolutionProperties) = preSolution
		HideSolutionNode = FALSE
	EndGlobalSection
EndGlobal
